<?xml version="1.0" encoding="utf-8"?>
<Project ToolsVersion="4.0" xmlns="http://schemas.microsoft.com/developer/msbuild/2003">
  <ItemGroup>
    <Filter Include="Assets">
      <UniqueIdentifier>{67DA6AB6-F800-4c08-8B7A-83BB121AAD01}</UniqueIdentifier>
      <Extensions>rc;ico;cur;bmp;dlg;rc2;rct;bin;rgs;gif;jpg;jpeg;jpe;resx;tiff;tif;png;wav;mfcribbon-ms</Extensions>
    </Filter>
    <Filter Include="SpaceGame">
      <UniqueIdentifier>{221266c7-5abc-4ef3-babd-4dd417887f54}</UniqueIdentifier>
    </Filter>
    <Filter Include="Header Files">
      <UniqueIdentifier>{e04f2438-f3fd-4171-8615-26adbefef948}</UniqueIdentifier>
    </Filter>
    <Filter Include="Source Files">
      <UniqueIdentifier>{05841c15-2663-40d5-b981-f06b79561345}</UniqueIdentifier>
    </Filter>
    <Filter Include="SpriteGame">
      <UniqueIdentifier>{f66d80ff-0c81-4a32-b912-907520a122c6}</UniqueIdentifier>
    </Filter>
    <Filter Include="Assets\SpaceGame">
      <UniqueIdentifier>{34aba724-2e24-46e9-aa93-d9b9256ebfaa}</UniqueIdentifier>
    </Filter>
    <Filter Include="Assets\SpriteGame">
      <UniqueIdentifier>{a1556e84-6441-47cd-8bd9-98a7c7eb510b}</UniqueIdentifier>
    </Filter>
    <Filter Include="Assets\SpaceGame\Animations">
      <UniqueIdentifier>{0bdf462b-1922-4bfa-894c-fb50ba5ca9d2}</UniqueIdentifier>
    </Filter>
    <Filter Include="Assets\SpaceGame\Scenes">
      <UniqueIdentifier>{d8bebbb5-c297-410d-a51b-98443859970d}</UniqueIdentifier>
    </Filter>
    <Filter Include="Assets\SpaceGame\Tilemaps">
      <UniqueIdentifier>{776d3f60-10f3-4860-8755-5c70f5ab9ecf}</UniqueIdentifier>
    </Filter>
    <Filter Include="Assets\SpriteGame\Animations">
      <UniqueIdentifier>{3c644517-a93a-41ff-b511-22b518c34d56}</UniqueIdentifier>
    </Filter>
    <Filter Include="Assets\SpriteGame\Scenes">
      <UniqueIdentifier>{d0b00ee1-6b48-4201-9bff-aff2dfd2315d}</UniqueIdentifier>
    </Filter>
    <Filter Include="Assets\SpriteGame\Tilemaps">
      <UniqueIdentifier>{2c3b74ac-9201-4919-b8d7-df341c389e59}</UniqueIdentifier>
    </Filter>
  </ItemGroup>
  <ItemGroup>
    <ClCompile Include="Main.cpp" />
    <ClCompile Include="SpaceGame\Bullet.cpp">
      <Filter>SpaceGame</Filter>
    </ClCompile>
    <ClCompile Include="SpaceGame\Enemy.cpp">
      <Filter>SpaceGame</Filter>
    </ClCompile>
    <ClCompile Include="SpaceGame\Player.cpp">
      <Filter>SpaceGame</Filter>
    </ClCompile>
    <ClCompile Include="SpaceGame\SpaceGame.cpp">
      <Filter>SpaceGame</Filter>
    </ClCompile>
    <ClCompile Include="Assets.cpp">
      <Filter>Source Files</Filter>
    </ClCompile>
    <ClCompile Include="SpriteGame\SpriteGame.cpp">
      <Filter>SpriteGame</Filter>
    </ClCompile>
    <ClCompile Include="SpriteGame\EnemyController.cpp">
      <Filter>SpriteGame</Filter>
    </ClCompile>
    <ClCompile Include="SpriteGame\PlayerController.cpp">
      <Filter>SpriteGame</Filter>
    </ClCompile>
    <ClCompile Include="SpriteGame\FlyingEnemyController.cpp">
      <Filter>SpriteGame</Filter>
    </ClCompile>
    <ClCompile Include="SpriteGame\CharacterBase.cpp">
      <Filter>SpriteGame</Filter>
    </ClCompile>
    <ClCompile Include="SpriteGame\Damager.cpp">
      <Filter>SpriteGame</Filter>
    </ClCompile>
  </ItemGroup>
  <ItemGroup>
    <ClInclude Include="SpaceGame\Bullet.h">
      <Filter>SpaceGame</Filter>
    </ClInclude>
    <ClInclude Include="SpaceGame\Enemy.h">
      <Filter>SpaceGame</Filter>
    </ClInclude>
    <ClInclude Include="SpaceGame\Player.h">
      <Filter>SpaceGame</Filter>
    </ClInclude>
    <ClInclude Include="SpaceGame\SpaceGame.h">
      <Filter>SpaceGame</Filter>
    </ClInclude>
    <ClInclude Include="Assets.h">
      <Filter>Header Files</Filter>
    </ClInclude>
    <ClInclude Include="SpriteGame\SpriteGame.h">
      <Filter>SpriteGame</Filter>
    </ClInclude>
    <ClInclude Include="SpriteGame\EnemyController.h">
      <Filter>SpriteGame</Filter>
    </ClInclude>
    <ClInclude Include="SpriteGame\PlayerController.h">
      <Filter>SpriteGame</Filter>
    </ClInclude>
    <ClInclude Include="SpriteGame\FlyingEnemyController.h">
      <Filter>SpriteGame</Filter>
    </ClInclude>
    <ClInclude Include="SpriteGame\CharacterBase.h">
      <Filter>SpriteGame</Filter>
    </ClInclude>
    <ClInclude Include="SpriteGame\Damager.h">
      <Filter>SpriteGame</Filter>
    </ClInclude>
  </ItemGroup>
  <ItemGroup>
    <None Include="..\Build\Assets\SpriteGame\animations\coin_idle.json">
      <Filter>Assets\SpriteGame\Animations</Filter>
    </None>
    <None Include="..\Build\Assets\SpriteGame\tilemaps\world.json">
      <Filter>Assets\SpriteGame\Tilemaps</Filter>
    </None>
    <None Include="..\Build\Assets\SpriteGame\scenes\scene.json">
      <Filter>Assets\SpriteGame\Scenes</Filter>
    </None>
    <None Include="..\Build\Assets\SpriteGame\scenes\level.json">
      <Filter>Assets\SpriteGame\Scenes</Filter>
    </None>
    <None Include="..\Build\Assets\SpriteGame\animations\enemy_attack.json">
      <Filter>Assets\SpriteGame\Animations</Filter>
    </None>
  </ItemGroup>
</Project>